
Microsoft Visual Studio Solution File, Format Version 12.00
# Visual Studio 15
VisualStudioVersion = 15.0.26730.16
MinimumVisualStudioVersion = 10.0.40219.1
Project("{FAE04EC0-301F-11D3-BF4B-00C04F79EFBC}") = "ZooApp", "ZooApp\ZooApp.csproj", "{E03BD01C-3A4B-43C6-824A-B03ECDCA658F}"
EndProject
Global
	GlobalSection(SolutionConfigurationPlatforms) = preSolution
		Debug|Any CPU = Debug|Any CPU
		Release|Any CPU = Release|Any CPU
	EndGlobalSection
	GlobalSection(ProjectConfigurationPlatforms) = postSolution
		{E03BD01C-3A4B-43C6-824A-B03ECDCA658F}.Debug|Any CPU.ActiveCfg = Debug|Any CPU
		{E03BD01C-3A4B-43C6-824A-B03ECDCA658F}.Debug|Any CPU.Build.0 = Debug|Any CPU
		{E03BD01C-3A4B-43C6-824A-B03ECDCA658F}.Release|Any CPU.ActiveCfg = Release|Any CPU
		{E03BD01C-3A4B-43C6-824A-B03ECDCA658F}.Release|Any CPU.Build.0 = Release|Any CPU
	EndGlobalSection
	GlobalSection(SolutionProperties) = preSolution
		HideSolutionNode = FALSE
	EndGlobalSection
	GlobalSection(ExtensibilityGlobals) = postSolution
		SolutionGuid = {9809DD18-B9F6-4BB4-90F9-8BD357F5C9A9}
	EndGlobalSection
EndGlobal
